// !$*UTF8*$!
{
	archiveVersion = 1;
	classes = {
	};
	objectVersion = 56;
	objects = {

/* Begin PBXBuildFile section */
		D1815FB82C16D513004BA146 /* AppDelegate.swift in Sources */ = {isa = PBXBuildFile; fileRef = D1815FB72C16D513004BA146 /* AppDelegate.swift */; };
		D1815FBA2C16D513004BA146 /* SceneDelegate.swift in Sources */ = {isa = PBXBuildFile; fileRef = D1815FB92C16D513004BA146 /* SceneDelegate.swift */; };
		D1815FBC2C16D513004BA146 /* HomeViewController.swift in Sources */ = {isa = PBXBuildFile; fileRef = D1815FBB2C16D513004BA146 /* HomeViewController.swift */; };
		D1815FC12C16D515004BA146 /* Assets.xcassets in Resources */ = {isa = PBXBuildFile; fileRef = D1815FC02C16D515004BA146 /* Assets.xcassets */; };
		D1815FC42C16D515004BA146 /* Base in Resources */ = {isa = PBXBuildFile; fileRef = D1815FC32C16D515004BA146 /* Base */; };
		D1815FCC2C16D54F004BA146 /* .gitignore in Resources */ = {isa = PBXBuildFile; fileRef = D1815FCB2C16D54F004BA146 /* .gitignore */; };
		D1815FCF2C16D5F2004BA146 /* APIKey.swift in Sources */ = {isa = PBXBuildFile; fileRef = D1815FCE2C16D5F2004BA146 /* APIKey.swift */; };
		D1815FD32C16D693004BA146 /* Extension+UIViewController.swift in Sources */ = {isa = PBXBuildFile; fileRef = D1815FD22C16D693004BA146 /* Extension+UIViewController.swift */; };
		D1815FD62C16D735004BA146 /* ReuseIdentifier.swift in Sources */ = {isa = PBXBuildFile; fileRef = D1815FD52C16D735004BA146 /* ReuseIdentifier.swift */; };
		D1815FD82C16D829004BA146 /* ConfigureProtocol.swift in Sources */ = {isa = PBXBuildFile; fileRef = D1815FD72C16D829004BA146 /* ConfigureProtocol.swift */; };
		D1815FDA2C16DAC8004BA146 /* Extension+UIView.swift in Sources */ = {isa = PBXBuildFile; fileRef = D1815FD92C16DAC8004BA146 /* Extension+UIView.swift */; };
		D1815FDD2C16DB0D004BA146 /* SnapKit in Frameworks */ = {isa = PBXBuildFile; productRef = D1815FDC2C16DB0D004BA146 /* SnapKit */; };
		D1815FE02C16DB1D004BA146 /* Alamofire in Frameworks */ = {isa = PBXBuildFile; productRef = D1815FDF2C16DB1D004BA146 /* Alamofire */; };
		D1815FE32C16DB26004BA146 /* Kingfisher in Frameworks */ = {isa = PBXBuildFile; productRef = D1815FE22C16DB26004BA146 /* Kingfisher */; };
		D1815FE62C16DBB1004BA146 /* HomeTableViewCell.swift in Sources */ = {isa = PBXBuildFile; fileRef = D1815FE52C16DBB1004BA146 /* HomeTableViewCell.swift */; };
		D1815FE92C16E0A4004BA146 /* Cosmos in Frameworks */ = {isa = PBXBuildFile; productRef = D1815FE82C16E0A4004BA146 /* Cosmos */; };
		D1815FEB2C16E286004BA146 /* Extension+UIFont.swift in Sources */ = {isa = PBXBuildFile; fileRef = D1815FEA2C16E286004BA146 /* Extension+UIFont.swift */; };
		D1815FED2C16E2FC004BA146 /* Extension+UIColor.swift in Sources */ = {isa = PBXBuildFile; fileRef = D1815FEC2C16E2FC004BA146 /* Extension+UIColor.swift */; };
		D1815FF22C16F11B004BA146 /* Movie.swift in Sources */ = {isa = PBXBuildFile; fileRef = D1815FF12C16F11B004BA146 /* Movie.swift */; };
		D1815FF42C16F9EE004BA146 /* MovieGenre.swift in Sources */ = {isa = PBXBuildFile; fileRef = D1815FF32C16F9EE004BA146 /* MovieGenre.swift */; };
		D1815FF62C170364004BA146 /* DetailViewController.swift in Sources */ = {isa = PBXBuildFile; fileRef = D1815FF52C170364004BA146 /* DetailViewController.swift */; };
		D1815FF82C172D34004BA146 /* Extension+UILabel.swift in Sources */ = {isa = PBXBuildFile; fileRef = D1815FF72C172D34004BA146 /* Extension+UILabel.swift */; };
		D1815FFC2C1739B8004BA146 /* CastTableViewCell.swift in Sources */ = {isa = PBXBuildFile; fileRef = D1815FFB2C1739B8004BA146 /* CastTableViewCell.swift */; };
		D1815FFF2C17437F004BA146 /* MovieCredit.swift in Sources */ = {isa = PBXBuildFile; fileRef = D1815FFE2C17437F004BA146 /* MovieCredit.swift */; };
		D18160092C183ED6004BA146 /* SearchViewController.swift in Sources */ = {isa = PBXBuildFile; fileRef = D18160082C183ED6004BA146 /* SearchViewController.swift */; };
		D181600B2C18416D004BA146 /* PosterCollectionViewCell.swift in Sources */ = {isa = PBXBuildFile; fileRef = D181600A2C18416D004BA146 /* PosterCollectionViewCell.swift */; };
		D181600D2C184825004BA146 /* MovieSearch.swift in Sources */ = {isa = PBXBuildFile; fileRef = D181600C2C184825004BA146 /* MovieSearch.swift */; };
		D18160152C19461B004BA146 /* BaseViewController.swift in Sources */ = {isa = PBXBuildFile; fileRef = D18160142C19461B004BA146 /* BaseViewController.swift */; };
		D1E586E42C254CC700F3E452 /* NetworkManager.swift in Sources */ = {isa = PBXBuildFile; fileRef = D1E586E32C254CC700F3E452 /* NetworkManager.swift */; };
		D1E586E72C254F2800F3E452 /* Toast in Frameworks */ = {isa = PBXBuildFile; productRef = D1E586E62C254F2800F3E452 /* Toast */; };
		D1E586EA2C26A0ED00F3E452 /* HomeView.swift in Sources */ = {isa = PBXBuildFile; fileRef = D1E586E92C26A0ED00F3E452 /* HomeView.swift */; };
		D1E586EC2C26B4B200F3E452 /* SearchView.swift in Sources */ = {isa = PBXBuildFile; fileRef = D1E586EB2C26B4B200F3E452 /* SearchView.swift */; };
		D1E586EE2C26B76C00F3E452 /* DetailView.swift in Sources */ = {isa = PBXBuildFile; fileRef = D1E586ED2C26B76C00F3E452 /* DetailView.swift */; };
		D1E587372C29316900F3E452 /* SimilarMovie.swift in Sources */ = {isa = PBXBuildFile; fileRef = D1E587362C29316900F3E452 /* SimilarMovie.swift */; };
		D1E5873B2C29703E00F3E452 /* MovieImage.swift in Sources */ = {isa = PBXBuildFile; fileRef = D1E5873A2C29703E00F3E452 /* MovieImage.swift */; };
		D1E5873D2C2971BF00F3E452 /* DetailPosterViewController.swift in Sources */ = {isa = PBXBuildFile; fileRef = D1E5873C2C2971BF00F3E452 /* DetailPosterViewController.swift */; };
		D1E5873F2C2971EE00F3E452 /* DetailPosterView.swift in Sources */ = {isa = PBXBuildFile; fileRef = D1E5873E2C2971EE00F3E452 /* DetailPosterView.swift */; };
		D1E587412C2979DA00F3E452 /* PosterCollectionView.swift in Sources */ = {isa = PBXBuildFile; fileRef = D1E587402C2979DA00F3E452 /* PosterCollectionView.swift */; };
		D1E5876B2C2AACA100F3E452 /* PosterTableViewCell.swift in Sources */ = {isa = PBXBuildFile; fileRef = D1E5876A2C2AACA100F3E452 /* PosterTableViewCell.swift */; };
		D1E5876D2C2AAF1A00F3E452 /* BaseView.swift in Sources */ = {isa = PBXBuildFile; fileRef = D1E5876C2C2AAF1A00F3E452 /* BaseView.swift */; };
		D1E5876F2C2ACA1D00F3E452 /* PosterData.swift in Sources */ = {isa = PBXBuildFile; fileRef = D1E5876E2C2ACA1D00F3E452 /* PosterData.swift */; };
/* End PBXBuildFile section */

/* Begin PBXFileReference section */
		D1815FB42C16D513004BA146 /* Media.app */ = {isa = PBXFileReference; explicitFileType = wrapper.application; includeInIndex = 0; path = Media.app; sourceTree = BUILT_PRODUCTS_DIR; };
		D1815FB72C16D513004BA146 /* AppDelegate.swift */ = {isa = PBXFileReference; lastKnownFileType = sourcecode.swift; path = AppDelegate.swift; sourceTree = "<group>"; };
		D1815FB92C16D513004BA146 /* SceneDelegate.swift */ = {isa = PBXFileReference; lastKnownFileType = sourcecode.swift; path = SceneDelegate.swift; sourceTree = "<group>"; };
		D1815FBB2C16D513004BA146 /* HomeViewController.swift */ = {isa = PBXFileReference; lastKnownFileType = sourcecode.swift; path = HomeViewController.swift; sourceTree = "<group>"; };
		D1815FC02C16D515004BA146 /* Assets.xcassets */ = {isa = PBXFileReference; lastKnownFileType = folder.assetcatalog; path = Assets.xcassets; sourceTree = "<group>"; };
		D1815FC32C16D515004BA146 /* Base */ = {isa = PBXFileReference; lastKnownFileType = file.storyboard; name = Base; path = Base.lproj/LaunchScreen.storyboard; sourceTree = "<group>"; };
		D1815FC52C16D515004BA146 /* Info.plist */ = {isa = PBXFileReference; lastKnownFileType = text.plist.xml; path = Info.plist; sourceTree = "<group>"; };
		D1815FCB2C16D54F004BA146 /* .gitignore */ = {isa = PBXFileReference; lastKnownFileType = text; path = .gitignore; sourceTree = "<group>"; };
		D1815FCE2C16D5F2004BA146 /* APIKey.swift */ = {isa = PBXFileReference; lastKnownFileType = sourcecode.swift; path = APIKey.swift; sourceTree = "<group>"; };
		D1815FD22C16D693004BA146 /* Extension+UIViewController.swift */ = {isa = PBXFileReference; lastKnownFileType = sourcecode.swift; path = "Extension+UIViewController.swift"; sourceTree = "<group>"; };
		D1815FD52C16D735004BA146 /* ReuseIdentifier.swift */ = {isa = PBXFileReference; lastKnownFileType = sourcecode.swift; path = ReuseIdentifier.swift; sourceTree = "<group>"; };
		D1815FD72C16D829004BA146 /* ConfigureProtocol.swift */ = {isa = PBXFileReference; lastKnownFileType = sourcecode.swift; path = ConfigureProtocol.swift; sourceTree = "<group>"; };
		D1815FD92C16DAC8004BA146 /* Extension+UIView.swift */ = {isa = PBXFileReference; lastKnownFileType = sourcecode.swift; path = "Extension+UIView.swift"; sourceTree = "<group>"; };
		D1815FE52C16DBB1004BA146 /* HomeTableViewCell.swift */ = {isa = PBXFileReference; lastKnownFileType = sourcecode.swift; path = HomeTableViewCell.swift; sourceTree = "<group>"; };
		D1815FEA2C16E286004BA146 /* Extension+UIFont.swift */ = {isa = PBXFileReference; lastKnownFileType = sourcecode.swift; path = "Extension+UIFont.swift"; sourceTree = "<group>"; };
		D1815FEC2C16E2FC004BA146 /* Extension+UIColor.swift */ = {isa = PBXFileReference; lastKnownFileType = sourcecode.swift; path = "Extension+UIColor.swift"; sourceTree = "<group>"; };
		D1815FF12C16F11B004BA146 /* Movie.swift */ = {isa = PBXFileReference; lastKnownFileType = sourcecode.swift; path = Movie.swift; sourceTree = "<group>"; };
		D1815FF32C16F9EE004BA146 /* MovieGenre.swift */ = {isa = PBXFileReference; lastKnownFileType = sourcecode.swift; path = MovieGenre.swift; sourceTree = "<group>"; };
		D1815FF52C170364004BA146 /* DetailViewController.swift */ = {isa = PBXFileReference; lastKnownFileType = sourcecode.swift; path = DetailViewController.swift; sourceTree = "<group>"; };
		D1815FF72C172D34004BA146 /* Extension+UILabel.swift */ = {isa = PBXFileReference; lastKnownFileType = sourcecode.swift; path = "Extension+UILabel.swift"; sourceTree = "<group>"; };
		D1815FFB2C1739B8004BA146 /* CastTableViewCell.swift */ = {isa = PBXFileReference; lastKnownFileType = sourcecode.swift; path = CastTableViewCell.swift; sourceTree = "<group>"; };
		D1815FFE2C17437F004BA146 /* MovieCredit.swift */ = {isa = PBXFileReference; lastKnownFileType = sourcecode.swift; path = MovieCredit.swift; sourceTree = "<group>"; };
		D18160082C183ED6004BA146 /* SearchViewController.swift */ = {isa = PBXFileReference; lastKnownFileType = sourcecode.swift; path = SearchViewController.swift; sourceTree = "<group>"; };
		D181600A2C18416D004BA146 /* PosterCollectionViewCell.swift */ = {isa = PBXFileReference; lastKnownFileType = sourcecode.swift; path = PosterCollectionViewCell.swift; sourceTree = "<group>"; };
		D181600C2C184825004BA146 /* MovieSearch.swift */ = {isa = PBXFileReference; lastKnownFileType = sourcecode.swift; path = MovieSearch.swift; sourceTree = "<group>"; };
		D18160142C19461B004BA146 /* BaseViewController.swift */ = {isa = PBXFileReference; lastKnownFileType = sourcecode.swift; path = BaseViewController.swift; sourceTree = "<group>"; };
		D1E586E32C254CC700F3E452 /* NetworkManager.swift */ = {isa = PBXFileReference; lastKnownFileType = sourcecode.swift; path = NetworkManager.swift; sourceTree = "<group>"; };
		D1E586E92C26A0ED00F3E452 /* HomeView.swift */ = {isa = PBXFileReference; lastKnownFileType = sourcecode.swift; path = HomeView.swift; sourceTree = "<group>"; };
		D1E586EB2C26B4B200F3E452 /* SearchView.swift */ = {isa = PBXFileReference; lastKnownFileType = sourcecode.swift; path = SearchView.swift; sourceTree = "<group>"; };
		D1E586ED2C26B76C00F3E452 /* DetailView.swift */ = {isa = PBXFileReference; lastKnownFileType = sourcecode.swift; path = DetailView.swift; sourceTree = "<group>"; };
		D1E587362C29316900F3E452 /* SimilarMovie.swift */ = {isa = PBXFileReference; lastKnownFileType = sourcecode.swift; path = SimilarMovie.swift; sourceTree = "<group>"; };
		D1E5873A2C29703E00F3E452 /* MovieImage.swift */ = {isa = PBXFileReference; lastKnownFileType = sourcecode.swift; path = MovieImage.swift; sourceTree = "<group>"; };
		D1E5873C2C2971BF00F3E452 /* DetailPosterViewController.swift */ = {isa = PBXFileReference; lastKnownFileType = sourcecode.swift; path = DetailPosterViewController.swift; sourceTree = "<group>"; };
		D1E5873E2C2971EE00F3E452 /* DetailPosterView.swift */ = {isa = PBXFileReference; lastKnownFileType = sourcecode.swift; path = DetailPosterView.swift; sourceTree = "<group>"; };
		D1E587402C2979DA00F3E452 /* PosterCollectionView.swift */ = {isa = PBXFileReference; lastKnownFileType = sourcecode.swift; path = PosterCollectionView.swift; sourceTree = "<group>"; };
		D1E5876A2C2AACA100F3E452 /* PosterTableViewCell.swift */ = {isa = PBXFileReference; lastKnownFileType = sourcecode.swift; path = PosterTableViewCell.swift; sourceTree = "<group>"; };
		D1E5876C2C2AAF1A00F3E452 /* BaseView.swift */ = {isa = PBXFileReference; lastKnownFileType = sourcecode.swift; path = BaseView.swift; sourceTree = "<group>"; };
		D1E5876E2C2ACA1D00F3E452 /* PosterData.swift */ = {isa = PBXFileReference; lastKnownFileType = sourcecode.swift; path = PosterData.swift; sourceTree = "<group>"; };
/* End PBXFileReference section */

/* Begin PBXFrameworksBuildPhase section */
		D1815FB12C16D513004BA146 /* Frameworks */ = {
			isa = PBXFrameworksBuildPhase;
			buildActionMask = 2147483647;
			files = (
				D1815FE32C16DB26004BA146 /* Kingfisher in Frameworks */,
				D1815FDD2C16DB0D004BA146 /* SnapKit in Frameworks */,
				D1815FE92C16E0A4004BA146 /* Cosmos in Frameworks */,
				D1E586E72C254F2800F3E452 /* Toast in Frameworks */,
				D1815FE02C16DB1D004BA146 /* Alamofire in Frameworks */,
			);
			runOnlyForDeploymentPostprocessing = 0;
		};
/* End PBXFrameworksBuildPhase section */

/* Begin PBXGroup section */
		D1815FAB2C16D513004BA146 = {
			isa = PBXGroup;
			children = (
				D1815FCB2C16D54F004BA146 /* .gitignore */,
				D1815FB62C16D513004BA146 /* Media */,
				D1815FB52C16D513004BA146 /* Products */,
			);
			sourceTree = "<group>";
		};
		D1815FB52C16D513004BA146 /* Products */ = {
			isa = PBXGroup;
			children = (
				D1815FB42C16D513004BA146 /* Media.app */,
			);
			name = Products;
			sourceTree = "<group>";
		};
		D1815FB62C16D513004BA146 /* Media */ = {
			isa = PBXGroup;
			children = (
				D1E586E82C26A0E200F3E452 /* View */,
				D1E586E22C254CC000F3E452 /* Network */,
				D18160132C194608004BA146 /* Custom */,
				D1815FE42C16DB94004BA146 /* Cell */,
				D1815FD42C16D71F004BA146 /* Protocol */,
				D1815FD12C16D654004BA146 /* Extension */,
				D1815FD02C16D64E004BA146 /* Model */,
				D1815FCD2C16D5E5004BA146 /* API */,
				D1815FB72C16D513004BA146 /* AppDelegate.swift */,
				D1815FB92C16D513004BA146 /* SceneDelegate.swift */,
				D1815FBB2C16D513004BA146 /* HomeViewController.swift */,
				D1E5873C2C2971BF00F3E452 /* DetailPosterViewController.swift */,
				D18160082C183ED6004BA146 /* SearchViewController.swift */,
				D1815FF52C170364004BA146 /* DetailViewController.swift */,
				D1815FC02C16D515004BA146 /* Assets.xcassets */,
				D1815FC22C16D515004BA146 /* LaunchScreen.storyboard */,
				D1815FC52C16D515004BA146 /* Info.plist */,
			);
			path = Media;
			sourceTree = "<group>";
		};
		D1815FCD2C16D5E5004BA146 /* API */ = {
			isa = PBXGroup;
			children = (
				D1815FCE2C16D5F2004BA146 /* APIKey.swift */,
			);
			path = API;
			sourceTree = "<group>";
		};
		D1815FD02C16D64E004BA146 /* Model */ = {
			isa = PBXGroup;
			children = (
				D1815FF12C16F11B004BA146 /* Movie.swift */,
				D1815FF32C16F9EE004BA146 /* MovieGenre.swift */,
				D1815FFE2C17437F004BA146 /* MovieCredit.swift */,
				D181600C2C184825004BA146 /* MovieSearch.swift */,
				D1E587362C29316900F3E452 /* SimilarMovie.swift */,
				D1E5873A2C29703E00F3E452 /* MovieImage.swift */,
			);
			path = Model;
			sourceTree = "<group>";
		};
		D1815FD12C16D654004BA146 /* Extension */ = {
			isa = PBXGroup;
			children = (
				D1815FD22C16D693004BA146 /* Extension+UIViewController.swift */,
				D1815FD92C16DAC8004BA146 /* Extension+UIView.swift */,
				D1815FEA2C16E286004BA146 /* Extension+UIFont.swift */,
				D1815FEC2C16E2FC004BA146 /* Extension+UIColor.swift */,
				D1815FF72C172D34004BA146 /* Extension+UILabel.swift */,
			);
			path = Extension;
			sourceTree = "<group>";
		};
		D1815FD42C16D71F004BA146 /* Protocol */ = {
			isa = PBXGroup;
			children = (
				D1815FD52C16D735004BA146 /* ReuseIdentifier.swift */,
				D1815FD72C16D829004BA146 /* ConfigureProtocol.swift */,
				D1E5876E2C2ACA1D00F3E452 /* PosterData.swift */,
			);
			path = Protocol;
			sourceTree = "<group>";
		};
		D1815FE42C16DB94004BA146 /* Cell */ = {
			isa = PBXGroup;
			children = (
				D1815FE52C16DBB1004BA146 /* HomeTableViewCell.swift */,
				D1815FFB2C1739B8004BA146 /* CastTableViewCell.swift */,
				D181600A2C18416D004BA146 /* PosterCollectionViewCell.swift */,
				D1E5876A2C2AACA100F3E452 /* PosterTableViewCell.swift */,
			);
			path = Cell;
			sourceTree = "<group>";
		};
		D18160132C194608004BA146 /* Custom */ = {
			isa = PBXGroup;
			children = (
				D18160142C19461B004BA146 /* BaseViewController.swift */,
				D1E587402C2979DA00F3E452 /* PosterCollectionView.swift */,
				D1E5876C2C2AAF1A00F3E452 /* BaseView.swift */,
			);
			path = Custom;
			sourceTree = "<group>";
		};
		D1E586E22C254CC000F3E452 /* Network */ = {
			isa = PBXGroup;
			children = (
				D1E586E32C254CC700F3E452 /* NetworkManager.swift */,
			);
			path = Network;
			sourceTree = "<group>";
		};
		D1E586E82C26A0E200F3E452 /* View */ = {
			isa = PBXGroup;
			children = (
				D1E586E92C26A0ED00F3E452 /* HomeView.swift */,
				D1E586EB2C26B4B200F3E452 /* SearchView.swift */,
				D1E586ED2C26B76C00F3E452 /* DetailView.swift */,
				D1E5873E2C2971EE00F3E452 /* DetailPosterView.swift */,
			);
			path = View;
			sourceTree = "<group>";
		};
/* End PBXGroup section */

/* Begin PBXNativeTarget section */
		D1815FB32C16D513004BA146 /* Media */ = {
			isa = PBXNativeTarget;
			buildConfigurationList = D1815FC82C16D515004BA146 /* Build configuration list for PBXNativeTarget "Media" */;
			buildPhases = (
				D1815FB02C16D513004BA146 /* Sources */,
				D1815FB12C16D513004BA146 /* Frameworks */,
				D1815FB22C16D513004BA146 /* Resources */,
			);
			buildRules = (
			);
			dependencies = (
			);
			name = Media;
			packageProductDependencies = (
				D1815FDC2C16DB0D004BA146 /* SnapKit */,
				D1815FDF2C16DB1D004BA146 /* Alamofire */,
				D1815FE22C16DB26004BA146 /* Kingfisher */,
				D1815FE82C16E0A4004BA146 /* Cosmos */,
				D1E586E62C254F2800F3E452 /* Toast */,
			);
			productName = Media;
			productReference = D1815FB42C16D513004BA146 /* Media.app */;
			productType = "com.apple.product-type.application";
		};
/* End PBXNativeTarget section */

/* Begin PBXProject section */
		D1815FAC2C16D513004BA146 /* Project object */ = {
			isa = PBXProject;
			attributes = {
				BuildIndependentTargetsInParallel = 1;
				LastSwiftUpdateCheck = 1540;
				LastUpgradeCheck = 1540;
				TargetAttributes = {
					D1815FB32C16D513004BA146 = {
						CreatedOnToolsVersion = 15.4;
					};
				};
			};
			buildConfigurationList = D1815FAF2C16D513004BA146 /* Build configuration list for PBXProject "Media" */;
			compatibilityVersion = "Xcode 14.0";
			developmentRegion = en;
			hasScannedForEncodings = 0;
			knownRegions = (
				en,
				Base,
			);
			mainGroup = D1815FAB2C16D513004BA146;
			packageReferences = (
				D1815FDB2C16DB0D004BA146 /* XCRemoteSwiftPackageReference "SnapKit" */,
				D1815FDE2C16DB1D004BA146 /* XCRemoteSwiftPackageReference "Alamofire" */,
				D1815FE12C16DB26004BA146 /* XCRemoteSwiftPackageReference "Kingfisher" */,
				D1815FE72C16E0A4004BA146 /* XCRemoteSwiftPackageReference "Cosmos" */,
				D1E586E52C254F2700F3E452 /* XCRemoteSwiftPackageReference "Toast-Swift" */,
			);
			productRefGroup = D1815FB52C16D513004BA146 /* Products */;
			projectDirPath = "";
			projectRoot = "";
			targets = (
				D1815FB32C16D513004BA146 /* Media */,
			);
		};
/* End PBXProject section */

/* Begin PBXResourcesBuildPhase section */
		D1815FB22C16D513004BA146 /* Resources */ = {
			isa = PBXResourcesBuildPhase;
			buildActionMask = 2147483647;
			files = (
				D1815FC12C16D515004BA146 /* Assets.xcassets in Resources */,
				D1815FCC2C16D54F004BA146 /* .gitignore in Resources */,
				D1815FC42C16D515004BA146 /* Base in Resources */,
			);
			runOnlyForDeploymentPostprocessing = 0;
		};
/* End PBXResourcesBuildPhase section */

/* Begin PBXSourcesBuildPhase section */
		D1815FB02C16D513004BA146 /* Sources */ = {
			isa = PBXSourcesBuildPhase;
			buildActionMask = 2147483647;
			files = (
				D1815FEB2C16E286004BA146 /* Extension+UIFont.swift in Sources */,
				D1815FBC2C16D513004BA146 /* HomeViewController.swift in Sources */,
				D1E5876F2C2ACA1D00F3E452 /* PosterData.swift in Sources */,
				D1815FD62C16D735004BA146 /* ReuseIdentifier.swift in Sources */,
				D1815FFC2C1739B8004BA146 /* CastTableViewCell.swift in Sources */,
				D1E587372C29316900F3E452 /* SimilarMovie.swift in Sources */,
				D1E586EC2C26B4B200F3E452 /* SearchView.swift in Sources */,
				D1E5873B2C29703E00F3E452 /* MovieImage.swift in Sources */,
				D1E586E42C254CC700F3E452 /* NetworkManager.swift in Sources */,
				D1815FFF2C17437F004BA146 /* MovieCredit.swift in Sources */,
				D1E5876D2C2AAF1A00F3E452 /* BaseView.swift in Sources */,
				D18160152C19461B004BA146 /* BaseViewController.swift in Sources */,
				D1E587412C2979DA00F3E452 /* PosterCollectionView.swift in Sources */,
				D1E586EE2C26B76C00F3E452 /* DetailView.swift in Sources */,
				D1815FDA2C16DAC8004BA146 /* Extension+UIView.swift in Sources */,
				D1E5873D2C2971BF00F3E452 /* DetailPosterViewController.swift in Sources */,
				D181600D2C184825004BA146 /* MovieSearch.swift in Sources */,
				D1815FB82C16D513004BA146 /* AppDelegate.swift in Sources */,
				D1815FCF2C16D5F2004BA146 /* APIKey.swift in Sources */,
				D1815FF82C172D34004BA146 /* Extension+UILabel.swift in Sources */,
				D1815FD32C16D693004BA146 /* Extension+UIViewController.swift in Sources */,
				D1E5876B2C2AACA100F3E452 /* PosterTableViewCell.swift in Sources */,
				D1815FE62C16DBB1004BA146 /* HomeTableViewCell.swift in Sources */,
				D1815FF22C16F11B004BA146 /* Movie.swift in Sources */,
				D18160092C183ED6004BA146 /* SearchViewController.swift in Sources */,
				D1815FBA2C16D513004BA146 /* SceneDelegate.swift in Sources */,
				D1815FD82C16D829004BA146 /* ConfigureProtocol.swift in Sources */,
				D1E5873F2C2971EE00F3E452 /* DetailPosterView.swift in Sources */,
				D1815FF42C16F9EE004BA146 /* MovieGenre.swift in Sources */,
				D1815FED2C16E2FC004BA146 /* Extension+UIColor.swift in Sources */,
				D181600B2C18416D004BA146 /* PosterCollectionViewCell.swift in Sources */,
				D1E586EA2C26A0ED00F3E452 /* HomeView.swift in Sources */,
				D1815FF62C170364004BA146 /* DetailViewController.swift in Sources */,
			);
			runOnlyForDeploymentPostprocessing = 0;
		};
/* End PBXSourcesBuildPhase section */

/* Begin PBXVariantGroup section */
		D1815FC22C16D515004BA146 /* LaunchScreen.storyboard */ = {
			isa = PBXVariantGroup;
			children = (
				D1815FC32C16D515004BA146 /* Base */,
			);
			name = LaunchScreen.storyboard;
			sourceTree = "<group>";
		};
/* End PBXVariantGroup section */

/* Begin XCBuildConfiguration section */
		D1815FC62C16D515004BA146 /* Debug */ = {
			isa = XCBuildConfiguration;
			buildSettings = {
				ALWAYS_SEARCH_USER_PATHS = NO;
				ASSETCATALOG_COMPILER_GENERATE_SWIFT_ASSET_SYMBOL_EXTENSIONS = YES;
				CLANG_ANALYZER_NONNULL = YES;
				CLANG_ANALYZER_NUMBER_OBJECT_CONVERSION = YES_AGGRESSIVE;
				CLANG_CXX_LANGUAGE_STANDARD = "gnu++20";
				CLANG_ENABLE_MODULES = YES;
				CLANG_ENABLE_OBJC_ARC = YES;
				CLANG_ENABLE_OBJC_WEAK = YES;
				CLANG_WARN_BLOCK_CAPTURE_AUTORELEASING = YES;
				CLANG_WARN_BOOL_CONVERSION = YES;
				CLANG_WARN_COMMA = YES;
				CLANG_WARN_CONSTANT_CONVERSION = YES;
				CLANG_WARN_DEPRECATED_OBJC_IMPLEMENTATIONS = YES;
				CLANG_WARN_DIRECT_OBJC_ISA_USAGE = YES_ERROR;
				CLANG_WARN_DOCUMENTATION_COMMENTS = YES;
				CLANG_WARN_EMPTY_BODY = YES;
				CLANG_WARN_ENUM_CONVERSION = YES;
				CLANG_WARN_INFINITE_RECURSION = YES;
				CLANG_WARN_INT_CONVERSION = YES;
				CLANG_WARN_NON_LITERAL_NULL_CONVERSION = YES;
				CLANG_WARN_OBJC_IMPLICIT_RETAIN_SELF = YES;
				CLANG_WARN_OBJC_LITERAL_CONVERSION = YES;
				CLANG_WARN_OBJC_ROOT_CLASS = YES_ERROR;
				CLANG_WARN_QUOTED_INCLUDE_IN_FRAMEWORK_HEADER = YES;
				CLANG_WARN_RANGE_LOOP_ANALYSIS = YES;
				CLANG_WARN_STRICT_PROTOTYPES = YES;
				CLANG_WARN_SUSPICIOUS_MOVE = YES;
				CLANG_WARN_UNGUARDED_AVAILABILITY = YES_AGGRESSIVE;
				CLANG_WARN_UNREACHABLE_CODE = YES;
				CLANG_WARN__DUPLICATE_METHOD_MATCH = YES;
				COPY_PHASE_STRIP = NO;
				DEBUG_INFORMATION_FORMAT = dwarf;
				ENABLE_STRICT_OBJC_MSGSEND = YES;
				ENABLE_TESTABILITY = YES;
				ENABLE_USER_SCRIPT_SANDBOXING = YES;
				GCC_C_LANGUAGE_STANDARD = gnu17;
				GCC_DYNAMIC_NO_PIC = NO;
				GCC_NO_COMMON_BLOCKS = YES;
				GCC_OPTIMIZATION_LEVEL = 0;
				GCC_PREPROCESSOR_DEFINITIONS = (
					"DEBUG=1",
					"$(inherited)",
				);
				GCC_WARN_64_TO_32_BIT_CONVERSION = YES;
				GCC_WARN_ABOUT_RETURN_TYPE = YES_ERROR;
				GCC_WARN_UNDECLARED_SELECTOR = YES;
				GCC_WARN_UNINITIALIZED_AUTOS = YES_AGGRESSIVE;
				GCC_WARN_UNUSED_FUNCTION = YES;
				GCC_WARN_UNUSED_VARIABLE = YES;
				IPHONEOS_DEPLOYMENT_TARGET = 17.5;
				LOCALIZATION_PREFERS_STRING_CATALOGS = YES;
				MTL_ENABLE_DEBUG_INFO = INCLUDE_SOURCE;
				MTL_FAST_MATH = YES;
				ONLY_ACTIVE_ARCH = YES;
				SDKROOT = iphoneos;
				SWIFT_ACTIVE_COMPILATION_CONDITIONS = "DEBUG $(inherited)";
				SWIFT_OPTIMIZATION_LEVEL = "-Onone";
			};
			name = Debug;
		};
		D1815FC72C16D515004BA146 /* Release */ = {
			isa = XCBuildConfiguration;
			buildSettings = {
				ALWAYS_SEARCH_USER_PATHS = NO;
				ASSETCATALOG_COMPILER_GENERATE_SWIFT_ASSET_SYMBOL_EXTENSIONS = YES;
				CLANG_ANALYZER_NONNULL = YES;
				CLANG_ANALYZER_NUMBER_OBJECT_CONVERSION = YES_AGGRESSIVE;
				CLANG_CXX_LANGUAGE_STANDARD = "gnu++20";
				CLANG_ENABLE_MODULES = YES;
				CLANG_ENABLE_OBJC_ARC = YES;
				CLANG_ENABLE_OBJC_WEAK = YES;
				CLANG_WARN_BLOCK_CAPTURE_AUTORELEASING = YES;
				CLANG_WARN_BOOL_CONVERSION = YES;
				CLANG_WARN_COMMA = YES;
				CLANG_WARN_CONSTANT_CONVERSION = YES;
				CLANG_WARN_DEPRECATED_OBJC_IMPLEMENTATIONS = YES;
				CLANG_WARN_DIRECT_OBJC_ISA_USAGE = YES_ERROR;
				CLANG_WARN_DOCUMENTATION_COMMENTS = YES;
				CLANG_WARN_EMPTY_BODY = YES;
				CLANG_WARN_ENUM_CONVERSION = YES;
				CLANG_WARN_INFINITE_RECURSION = YES;
				CLANG_WARN_INT_CONVERSION = YES;
				CLANG_WARN_NON_LITERAL_NULL_CONVERSION = YES;
				CLANG_WARN_OBJC_IMPLICIT_RETAIN_SELF = YES;
				CLANG_WARN_OBJC_LITERAL_CONVERSION = YES;
				CLANG_WARN_OBJC_ROOT_CLASS = YES_ERROR;
				CLANG_WARN_QUOTED_INCLUDE_IN_FRAMEWORK_HEADER = YES;
				CLANG_WARN_RANGE_LOOP_ANALYSIS = YES;
				CLANG_WARN_STRICT_PROTOTYPES = YES;
				CLANG_WARN_SUSPICIOUS_MOVE = YES;
				CLANG_WARN_UNGUARDED_AVAILABILITY = YES_AGGRESSIVE;
				CLANG_WARN_UNREACHABLE_CODE = YES;
				CLANG_WARN__DUPLICATE_METHOD_MATCH = YES;
				COPY_PHASE_STRIP = NO;
				DEBUG_INFORMATION_FORMAT = "dwarf-with-dsym";
				ENABLE_NS_ASSERTIONS = NO;
				ENABLE_STRICT_OBJC_MSGSEND = YES;
				ENABLE_USER_SCRIPT_SANDBOXING = YES;
				GCC_C_LANGUAGE_STANDARD = gnu17;
				GCC_NO_COMMON_BLOCKS = YES;
				GCC_WARN_64_TO_32_BIT_CONVERSION = YES;
				GCC_WARN_ABOUT_RETURN_TYPE = YES_ERROR;
				GCC_WARN_UNDECLARED_SELECTOR = YES;
				GCC_WARN_UNINITIALIZED_AUTOS = YES_AGGRESSIVE;
				GCC_WARN_UNUSED_FUNCTION = YES;
				GCC_WARN_UNUSED_VARIABLE = YES;
				IPHONEOS_DEPLOYMENT_TARGET = 17.5;
				LOCALIZATION_PREFERS_STRING_CATALOGS = YES;
				MTL_ENABLE_DEBUG_INFO = NO;
				MTL_FAST_MATH = YES;
				SDKROOT = iphoneos;
				SWIFT_COMPILATION_MODE = wholemodule;
				VALIDATE_PRODUCT = YES;
			};
			name = Release;
		};
		D1815FC92C16D515004BA146 /* Debug */ = {
			isa = XCBuildConfiguration;
			buildSettings = {
				ASSETCATALOG_COMPILER_APPICON_NAME = AppIcon;
				ASSETCATALOG_COMPILER_GLOBAL_ACCENT_COLOR_NAME = AccentColor;
				CODE_SIGN_STYLE = Automatic;
				CURRENT_PROJECT_VERSION = 1;
				GENERATE_INFOPLIST_FILE = YES;
				INFOPLIST_FILE = Media/Info.plist;
				INFOPLIST_KEY_UIApplicationSupportsIndirectInputEvents = YES;
				INFOPLIST_KEY_UILaunchStoryboardName = LaunchScreen;
				INFOPLIST_KEY_UISupportedInterfaceOrientations = UIInterfaceOrientationPortrait;
				INFOPLIST_KEY_UISupportedInterfaceOrientations_iPad = UIInterfaceOrientationPortrait;
				IPHONEOS_DEPLOYMENT_TARGET = 15.0;
				LD_RUNPATH_SEARCH_PATHS = (
					"$(inherited)",
					"@executable_path/Frameworks",
				);
				MARKETING_VERSION = 1.0;
				PRODUCT_BUNDLE_IDENTIFIER = Jo.Media;
				PRODUCT_NAME = "$(TARGET_NAME)";
				SUPPORTED_PLATFORMS = "iphoneos iphonesimulator";
				SUPPORTS_MACCATALYST = NO;
				SUPPORTS_MAC_DESIGNED_FOR_IPHONE_IPAD = NO;
				SUPPORTS_XR_DESIGNED_FOR_IPHONE_IPAD = NO;
				SWIFT_EMIT_LOC_STRINGS = YES;
				SWIFT_VERSION = 5.0;
				TARGETED_DEVICE_FAMILY = 1;
			};
			name = Debug;
		};
		D1815FCA2C16D515004BA146 /* Release */ = {
			isa = XCBuildConfiguration;
			buildSettings = {
				ASSETCATALOG_COMPILER_APPICON_NAME = AppIcon;
				ASSETCATALOG_COMPILER_GLOBAL_ACCENT_COLOR_NAME = AccentColor;
				CODE_SIGN_STYLE = Automatic;
				CURRENT_PROJECT_VERSION = 1;
				GENERATE_INFOPLIST_FILE = YES;
				INFOPLIST_FILE = Media/Info.plist;
				INFOPLIST_KEY_UIApplicationSupportsIndirectInputEvents = YES;
				INFOPLIST_KEY_UILaunchStoryboardName = LaunchScreen;
				INFOPLIST_KEY_UISupportedInterfaceOrientations = UIInterfaceOrientationPortrait;
				INFOPLIST_KEY_UISupportedInterfaceOrientations_iPad = UIInterfaceOrientationPortrait;
				IPHONEOS_DEPLOYMENT_TARGET = 15.0;
				LD_RUNPATH_SEARCH_PATHS = (
					"$(inherited)",
					"@executable_path/Frameworks",
				);
				MARKETING_VERSION = 1.0;
				PRODUCT_BUNDLE_IDENTIFIER = Jo.Media;
				PRODUCT_NAME = "$(TARGET_NAME)";
				SUPPORTED_PLATFORMS = "iphoneos iphonesimulator";
				SUPPORTS_MACCATALYST = NO;
				SUPPORTS_MAC_DESIGNED_FOR_IPHONE_IPAD = NO;
				SUPPORTS_XR_DESIGNED_FOR_IPHONE_IPAD = NO;
				SWIFT_EMIT_LOC_STRINGS = YES;
				SWIFT_VERSION = 5.0;
				TARGETED_DEVICE_FAMILY = 1;
			};
			name = Release;
		};
/* End XCBuildConfiguration section */

/* Begin XCConfigurationList section */
		D1815FAF2C16D513004BA146 /* Build configuration list for PBXProject "Media" */ = {
			isa = XCConfigurationList;
			buildConfigurations = (
				D1815FC62C16D515004BA146 /* Debug */,
				D1815FC72C16D515004BA146 /* Release */,
			);
			defaultConfigurationIsVisible = 0;
			defaultConfigurationName = Release;
		};
		D1815FC82C16D515004BA146 /* Build configuration list for PBXNativeTarget "Media" */ = {
			isa = XCConfigurationList;
			buildConfigurations = (
				D1815FC92C16D515004BA146 /* Debug */,
				D1815FCA2C16D515004BA146 /* Release */,
			);
			defaultConfigurationIsVisible = 0;
			defaultConfigurationName = Release;
		};
/* End XCConfigurationList section */

/* Begin XCRemoteSwiftPackageReference section */
		D1815FDB2C16DB0D004BA146 /* XCRemoteSwiftPackageReference "SnapKit" */ = {
			isa = XCRemoteSwiftPackageReference;
			repositoryURL = "https://github.com/SnapKit/SnapKit.git";
			requirement = {
				kind = upToNextMajorVersion;
				minimumVersion = 5.7.1;
			};
		};
		D1815FDE2C16DB1D004BA146 /* XCRemoteSwiftPackageReference "Alamofire" */ = {
			isa = XCRemoteSwiftPackageReference;
			repositoryURL = "https://github.com/Alamofire/Alamofire.git";
			requirement = {
				kind = upToNextMajorVersion;
				minimumVersion = 5.9.1;
			};
		};
		D1815FE12C16DB26004BA146 /* XCRemoteSwiftPackageReference "Kingfisher" */ = {
			isa = XCRemoteSwiftPackageReference;
			repositoryURL = "https://github.com/onevcat/Kingfisher.git";
			requirement = {
				kind = upToNextMajorVersion;
				minimumVersion = 7.11.0;
			};
		};
		D1815FE72C16E0A4004BA146 /* XCRemoteSwiftPackageReference "Cosmos" */ = {
			isa = XCRemoteSwiftPackageReference;
			repositoryURL = "https://github.com/evgenyneu/Cosmos.git";
			requirement = {
				kind = upToNextMajorVersion;
				minimumVersion = 25.0.1;
			};
		};
		D1E586E52C254F2700F3E452 /* XCRemoteSwiftPackageReference "Toast-Swift" */ = {
			isa = XCRemoteSwiftPackageReference;
			repositoryURL = "https://github.com/scalessec/Toast-Swift.git";
			requirement = {
				kind = upToNextMajorVersion;
				minimumVersion = 5.1.1;
			};
		};
/* End XCRemoteSwiftPackageReference section */

/* Begin XCSwiftPackageProductDependency section */
		D1815FDC2C16DB0D004BA146 /* SnapKit */ = {
			isa = XCSwiftPackageProductDependency;
			package = D1815FDB2C16DB0D004BA146 /* XCRemoteSwiftPackageReference "SnapKit" */;
			productName = SnapKit;
		};
		D1815FDF2C16DB1D004BA146 /* Alamofire */ = {
			isa = XCSwiftPackageProductDependency;
			package = D1815FDE2C16DB1D004BA146 /* XCRemoteSwiftPackageReference "Alamofire" */;
			productName = Alamofire;
		};
		D1815FE22C16DB26004BA146 /* Kingfisher */ = {
			isa = XCSwiftPackageProductDependency;
			package = D1815FE12C16DB26004BA146 /* XCRemoteSwiftPackageReference "Kingfisher" */;
			productName = Kingfisher;
		};
		D1815FE82C16E0A4004BA146 /* Cosmos */ = {
			isa = XCSwiftPackageProductDependency;
			package = D1815FE72C16E0A4004BA146 /* XCRemoteSwiftPackageReference "Cosmos" */;
			productName = Cosmos;
		};
		D1E586E62C254F2800F3E452 /* Toast */ = {
			isa = XCSwiftPackageProductDependency;
			package = D1E586E52C254F2700F3E452 /* XCRemoteSwiftPackageReference "Toast-Swift" */;
			productName = Toast;
		};
/* End XCSwiftPackageProductDependency section */
	};
	rootObject = D1815FAC2C16D513004BA146 /* Project object */;
}
